
Microsoft Visual Studio Solution File, Format Version 12.00
# Visual Studio Version 17
VisualStudioVersion = 17.0.32014.148
MinimumVisualStudioVersion = 10.0.40219.1
Project("{9A19103F-16F7-4668-BE54-9A1E7A4F7556}") = "BlazorClient", "BlazorClient\BlazorClient.csproj", "{DAB6CEE6-E55B-4A52-A04F-80FD1759B2AD}"
EndProject
Project("{9A19103F-16F7-4668-BE54-9A1E7A4F7556}") = "Application", "Application\Application.csproj", "{CC068AC3-90CA-4FCE-B6AD-C6FA14CE9997}"
EndProject
Project("{9A19103F-16F7-4668-BE54-9A1E7A4F7556}") = "Domain", "Domain\Domain.csproj", "{86C36465-426A-4DB0-9395-B7D6D8CE34DA}"
EndProject
Project("{9A19103F-16F7-4668-BE54-9A1E7A4F7556}") = "Infrastructure", "Infrastructure\Infrastructure.csproj", "{239DC9F9-1DB2-4958-BE8C-0C1CE08A0A65}"
EndProject
Project("{9A19103F-16F7-4668-BE54-9A1E7A4F7556}") = "WebApi", "WebApi\WebApi.csproj", "{DE7F3F80-DECA-48ED-BA3F-51B22C4E38D4}"
EndProject
Global
	GlobalSection(SolutionConfigurationPlatforms) = preSolution
		Debug|Any CPU = Debug|Any CPU
		Release|Any CPU = Release|Any CPU
	EndGlobalSection
	GlobalSection(ProjectConfigurationPlatforms) = postSolution
		{DAB6CEE6-E55B-4A52-A04F-80FD1759B2AD}.Debug|Any CPU.ActiveCfg = Debug|Any CPU
		{DAB6CEE6-E55B-4A52-A04F-80FD1759B2AD}.Debug|Any CPU.Build.0 = Debug|Any CPU
		{DAB6CEE6-E55B-4A52-A04F-80FD1759B2AD}.Release|Any CPU.ActiveCfg = Release|Any CPU
		{DAB6CEE6-E55B-4A52-A04F-80FD1759B2AD}.Release|Any CPU.Build.0 = Release|Any CPU
		{CC068AC3-90CA-4FCE-B6AD-C6FA14CE9997}.Debug|Any CPU.ActiveCfg = Debug|Any CPU
		{CC068AC3-90CA-4FCE-B6AD-C6FA14CE9997}.Debug|Any CPU.Build.0 = Debug|Any CPU
		{CC068AC3-90CA-4FCE-B6AD-C6FA14CE9997}.Release|Any CPU.ActiveCfg = Release|Any CPU
		{CC068AC3-90CA-4FCE-B6AD-C6FA14CE9997}.Release|Any CPU.Build.0 = Release|Any CPU
		{86C36465-426A-4DB0-9395-B7D6D8CE34DA}.Debug|Any CPU.ActiveCfg = Debug|Any CPU
		{86C36465-426A-4DB0-9395-B7D6D8CE34DA}.Debug|Any CPU.Build.0 = Debug|Any CPU
		{86C36465-426A-4DB0-9395-B7D6D8CE34DA}.Release|Any CPU.ActiveCfg = Release|Any CPU
		{86C36465-426A-4DB0-9395-B7D6D8CE34DA}.Release|Any CPU.Build.0 = Release|Any CPU
		{239DC9F9-1DB2-4958-BE8C-0C1CE08A0A65}.Debug|Any CPU.ActiveCfg = Debug|Any CPU
		{239DC9F9-1DB2-4958-BE8C-0C1CE08A0A65}.Debug|Any CPU.Build.0 = Debug|Any CPU
		{239DC9F9-1DB2-4958-BE8C-0C1CE08A0A65}.Release|Any CPU.ActiveCfg = Release|Any CPU
		{239DC9F9-1DB2-4958-BE8C-0C1CE08A0A65}.Release|Any CPU.Build.0 = Release|Any CPU
		{DE7F3F80-DECA-48ED-BA3F-51B22C4E38D4}.Debug|Any CPU.ActiveCfg = Debug|Any CPU
		{DE7F3F80-DECA-48ED-BA3F-51B22C4E38D4}.Debug|Any CPU.Build.0 = Debug|Any CPU
		{DE7F3F80-DECA-48ED-BA3F-51B22C4E38D4}.Release|Any CPU.ActiveCfg = Release|Any CPU
		{DE7F3F80-DECA-48ED-BA3F-51B22C4E38D4}.Release|Any CPU.Build.0 = Release|Any CPU
	EndGlobalSection
	GlobalSection(SolutionProperties) = preSolution
		HideSolutionNode = FALSE
	EndGlobalSection
	GlobalSection(ExtensibilityGlobals) = postSolution
		SolutionGuid = {D28A6960-1105-4933-8D60-66D74FB11123}
	EndGlobalSection
EndGlobal
